
Microsoft Visual Studio Solution File, Format Version 12.00
# Visual Studio Version 16
VisualStudioVersion = 16.0.30225.117
MinimumVisualStudioVersion = 10.0.40219.1
Project("{FAE04EC0-301F-11D3-BF4B-00C04F79EFBC}") = "CuttingStock", "CuttingStock\CuttingStock.csproj", "{5DEC7BC2-6915-457D-B966-E0742D193407}"
EndProject
Project("{FAE04EC0-301F-11D3-BF4B-00C04F79EFBC}") = "CuttingStockTest", "CuttingStockTest\CuttingStockTest.csproj", "{83F2B5DE-2E4D-4346-A6C3-8CC3D7735FCE}"
EndProject
Global
	GlobalSection(SolutionConfigurationPlatforms) = preSolution
		Debug|Any CPU = Debug|Any CPU
		Release|Any CPU = Release|Any CPU
	EndGlobalSection
	GlobalSection(ProjectConfigurationPlatforms) = postSolution
		{5DEC7BC2-6915-457D-B966-E0742D193407}.Debug|Any CPU.ActiveCfg = Debug|Any CPU
		{5DEC7BC2-6915-457D-B966-E0742D193407}.Debug|Any CPU.Build.0 = Debug|Any CPU
		{5DEC7BC2-6915-457D-B966-E0742D193407}.Release|Any CPU.ActiveCfg = Release|Any CPU
		{5DEC7BC2-6915-457D-B966-E0742D193407}.Release|Any CPU.Build.0 = Release|Any CPU
		{83F2B5DE-2E4D-4346-A6C3-8CC3D7735FCE}.Debug|Any CPU.ActiveCfg = Debug|Any CPU
		{83F2B5DE-2E4D-4346-A6C3-8CC3D7735FCE}.Debug|Any CPU.Build.0 = Debug|Any CPU
		{83F2B5DE-2E4D-4346-A6C3-8CC3D7735FCE}.Release|Any CPU.ActiveCfg = Release|Any CPU
		{83F2B5DE-2E4D-4346-A6C3-8CC3D7735FCE}.Release|Any CPU.Build.0 = Release|Any CPU
	EndGlobalSection
	GlobalSection(SolutionProperties) = preSolution
		HideSolutionNode = FALSE
	EndGlobalSection
	GlobalSection(ExtensibilityGlobals) = postSolution
		SolutionGuid = {E3A3563E-9780-49C3-B4CB-50B965AD4B52}
	EndGlobalSection
EndGlobal
